
Microsoft Visual Studio Solution File, Format Version 12.00
# Visual Studio 2012
Project("{FAE04EC0-301F-11D3-BF4B-00C04F79EFBC}") = "AlgorithmsJournal", "AlgorithmsJournal\AlgorithmsJournal.csproj", "{471E64BD-98BE-41A3-9DF4-0D2030B330E0}"
EndProject
Global
	GlobalSection(SolutionConfigurationPlatforms) = preSolution
		Debug|Any CPU = Debug|Any CPU
		Release|Any CPU = Release|Any CPU
	EndGlobalSection
	GlobalSection(ProjectConfigurationPlatforms) = postSolution
		{471E64BD-98BE-41A3-9DF4-0D2030B330E0}.Debug|Any CPU.ActiveCfg = Debug|Any CPU
		{471E64BD-98BE-41A3-9DF4-0D2030B330E0}.Debug|Any CPU.Build.0 = Debug|Any CPU
		{471E64BD-98BE-41A3-9DF4-0D2030B330E0}.Release|Any CPU.ActiveCfg = Release|Any CPU
		{471E64BD-98BE-41A3-9DF4-0D2030B330E0}.Release|Any CPU.Build.0 = Release|Any CPU
	EndGlobalSection
	GlobalSection(SolutionProperties) = preSolution
		HideSolutionNode = FALSE
	EndGlobalSection
EndGlobal
